
Microsoft Visual Studio Solution File, Format Version 12.00
# Visual Studio Version 16
VisualStudioVersion = 16.0.29411.108
MinimumVisualStudioVersion = 10.0.40219.1
Project("{FAE04EC0-301F-11D3-BF4B-00C04F79EFBC}") = "MessingAround.API", "MessingAround.API\MessingAround.API.csproj", "{77160B05-0D3F-45A8-A9AA-F1E591D9FC80}"
EndProject
Project("{FAE04EC0-301F-11D3-BF4B-00C04F79EFBC}") = "MessingAround.DAL", "MessingAround.DAL\MessingAround.DAL.csproj", "{87134BA4-837E-4FF1-8DE8-8AB81CC4118E}"
EndProject
Global
	GlobalSection(SolutionConfigurationPlatforms) = preSolution
		Debug|Any CPU = Debug|Any CPU
		Release|Any CPU = Release|Any CPU
	EndGlobalSection
	GlobalSection(ProjectConfigurationPlatforms) = postSolution
		{77160B05-0D3F-45A8-A9AA-F1E591D9FC80}.Debug|Any CPU.ActiveCfg = Debug|Any CPU
		{77160B05-0D3F-45A8-A9AA-F1E591D9FC80}.Debug|Any CPU.Build.0 = Debug|Any CPU
		{77160B05-0D3F-45A8-A9AA-F1E591D9FC80}.Release|Any CPU.ActiveCfg = Release|Any CPU
		{77160B05-0D3F-45A8-A9AA-F1E591D9FC80}.Release|Any CPU.Build.0 = Release|Any CPU
		{87134BA4-837E-4FF1-8DE8-8AB81CC4118E}.Debug|Any CPU.ActiveCfg = Debug|Any CPU
		{87134BA4-837E-4FF1-8DE8-8AB81CC4118E}.Debug|Any CPU.Build.0 = Debug|Any CPU
		{87134BA4-837E-4FF1-8DE8-8AB81CC4118E}.Release|Any CPU.ActiveCfg = Release|Any CPU
		{87134BA4-837E-4FF1-8DE8-8AB81CC4118E}.Release|Any CPU.Build.0 = Release|Any CPU
	EndGlobalSection
	GlobalSection(SolutionProperties) = preSolution
		HideSolutionNode = FALSE
	EndGlobalSection
	GlobalSection(ExtensibilityGlobals) = postSolution
		SolutionGuid = {0CE5341C-08D6-4A39-8739-03A7B523C5C9}
	EndGlobalSection
EndGlobal
